{
  "nodes": {
    "lowdown-src": {
      "flake": false,
      "locked": {
        "lastModified": 1653759997,
        "narHash": "sha256-mvWCdd79cNh8VK9wfHsMMF2XFYaHd9DhdlwSa33uW+M=",
        "owner": "kristapsdz",
        "repo": "lowdown",
        "rev": "edca6ce6d5336efb147321a43c47a698de41bb7c",
        "type": "github"
      },
      "original": {
        "owner": "kristapsdz",
        "repo": "lowdown",
        "type": "github"
      }
    },
    "nixpkgs": {
      "locked": {
        "lastModified": 1676966027,
        "narHash": "sha256-sAAI7qc/dAhBtJXcErB/sKWZdbRFkq2BBzRzYCTdYq8=",
        "owner": "dguibert",
        "repo": "nixpkgs",
        "rev": "a5754a55dfc5515409e7ad6b805cac4f87b2bfd1",
        "type": "github"
      },
      "original": {
        "owner": "dguibert",
        "ref": "pu",
        "repo": "nixpkgs",
        "type": "github"
      }
    },
    "nixpkgs-regression": {
      "locked": {
        "lastModified": 1643052045,
        "narHash": "sha256-uGJ0VXIhWKGXxkeNnq4TvV3CIOkUJ3PAoLZ3HMzNVMw=",
        "owner": "NixOS",
        "repo": "nixpkgs",
        "rev": "215d4d0fd80ca5163643b03a33fde804a29cc1e2",
        "type": "github"
      },
      "original": {
        "owner": "NixOS",
        "repo": "nixpkgs",
        "rev": "215d4d0fd80ca5163643b03a33fde804a29cc1e2",
        "type": "github"
      }
    },
    "root": {
      "inputs": {
        "lowdown-src": "lowdown-src",
        "nixpkgs": "nixpkgs",
        "nixpkgs-regression": "nixpkgs-regression"
      }
    }
  },
  "root": "root",
  "version": 7
}
